
Microsoft Visual Studio Solution File, Format Version 12.00
# Visual Studio Version 16
VisualStudioVersion = 25.0.1706.14
MinimumVisualStudioVersion = 10.0.40219.1
Project("{FAE04EC0-301F-11D3-BF4B-00C04F79EFBC}") = "15-Dec-2025", "features\core-programming\programming-elements\15-Dec-2025\15-Dec-2025.csproj", "{4DB21556-A15D-440C-AD2A-0215FFDD6F5F}"
EndProject
Project("{FAE04EC0-301F-11D3-BF4B-00C04F79EFBC}") = "16-Dec-2025", "features\core-programming\control-flows\16-Dec-2025\16-Dec-2025.csproj", "{286BEDC1-0899-4C66-BCDD-547905CE564C}"
EndProject
Project("{FAE04EC0-301F-11D3-BF4B-00C04F79EFBC}") = "17-Dec-2025", "features\core-programming\arrays\17-Dec-2025\17-Dec-2025.csproj", "{F81EBD84-E9A0-440B-9B5E-BA7B68C05B83}"
EndProject
Global
	GlobalSection(SolutionConfigurationPlatforms) = preSolution
		Debug|Any CPU = Debug|Any CPU
		Release|Any CPU = Release|Any CPU
	EndGlobalSection
	GlobalSection(ProjectConfigurationPlatforms) = postSolution
		{4DB21556-A15D-440C-AD2A-0215FFDD6F5F}.Debug|Any CPU.ActiveCfg = Debug|Any CPU
		{4DB21556-A15D-440C-AD2A-0215FFDD6F5F}.Debug|Any CPU.Build.0 = Debug|Any CPU
		{4DB21556-A15D-440C-AD2A-0215FFDD6F5F}.Release|Any CPU.ActiveCfg = Release|Any CPU
		{4DB21556-A15D-440C-AD2A-0215FFDD6F5F}.Release|Any CPU.Build.0 = Release|Any CPU
		{286BEDC1-0899-4C66-BCDD-547905CE564C}.Debug|Any CPU.ActiveCfg = Debug|Any CPU
		{286BEDC1-0899-4C66-BCDD-547905CE564C}.Debug|Any CPU.Build.0 = Debug|Any CPU
		{286BEDC1-0899-4C66-BCDD-547905CE564C}.Release|Any CPU.ActiveCfg = Release|Any CPU
		{286BEDC1-0899-4C66-BCDD-547905CE564C}.Release|Any CPU.Build.0 = Release|Any CPU
		{F81EBD84-E9A0-440B-9B5E-BA7B68C05B83}.Debug|Any CPU.ActiveCfg = Debug|Any CPU
		{F81EBD84-E9A0-440B-9B5E-BA7B68C05B83}.Debug|Any CPU.Build.0 = Debug|Any CPU
		{F81EBD84-E9A0-440B-9B5E-BA7B68C05B83}.Release|Any CPU.ActiveCfg = Release|Any CPU
		{F81EBD84-E9A0-440B-9B5E-BA7B68C05B83}.Release|Any CPU.Build.0 = Release|Any CPU
	EndGlobalSection
	GlobalSection(SolutionProperties) = preSolution
		HideSolutionNode = FALSE
	EndGlobalSection
	GlobalSection(ExtensibilityGlobals) = postSolution
		SolutionGuid = {90038635-1B1F-4717-9A21-C4A01593BBC1}
	EndGlobalSection
EndGlobal
